
Microsoft Visual Studio Solution File, Format Version 12.00
# Visual Studio 15
VisualStudioVersion = 15.0.28010.2019
MinimumVisualStudioVersion = 10.0.40219.1
Project("{FAE04EC0-301F-11D3-BF4B-00C04F79EFBC}") = "GeneriqueDemo", "GeneriqueDemo\GeneriqueDemo.csproj", "{6F091434-00E0-4131-AD02-0978316A61A4}"
EndProject
Global
	GlobalSection(SolutionConfigurationPlatforms) = preSolution
		Debug|Any CPU = Debug|Any CPU
		Release|Any CPU = Release|Any CPU
	EndGlobalSection
	GlobalSection(ProjectConfigurationPlatforms) = postSolution
		{6F091434-00E0-4131-AD02-0978316A61A4}.Debug|Any CPU.ActiveCfg = Debug|Any CPU
		{6F091434-00E0-4131-AD02-0978316A61A4}.Debug|Any CPU.Build.0 = Debug|Any CPU
		{6F091434-00E0-4131-AD02-0978316A61A4}.Release|Any CPU.ActiveCfg = Release|Any CPU
		{6F091434-00E0-4131-AD02-0978316A61A4}.Release|Any CPU.Build.0 = Release|Any CPU
	EndGlobalSection
	GlobalSection(SolutionProperties) = preSolution
		HideSolutionNode = FALSE
	EndGlobalSection
	GlobalSection(ExtensibilityGlobals) = postSolution
		SolutionGuid = {6562FED2-08B9-4370-B2C6-E7329500828A}
	EndGlobalSection
EndGlobal
